
Microsoft Visual Studio Solution File, Format Version 12.00
# Visual Studio Version 17
VisualStudioVersion = 17.10.35027.167
MinimumVisualStudioVersion = 10.0.40219.1
Project("{9A19103F-16F7-4668-BE54-9A1E7A4F7556}") = "OneStreamAPITest", "OneStreamAPITest\OneStreamAPITest.csproj", "{780CCEA0-3801-4AD5-81B1-860B58F5358A}"
EndProject
Project("{9A19103F-16F7-4668-BE54-9A1E7A4F7556}") = "OneStreamAPITest.API", "OneStreamAPITest.API\OneStreamAPITest.API.csproj", "{AAD43802-7B10-4870-9833-C1D1AFDEF81C}"
EndProject
Project("{9A19103F-16F7-4668-BE54-9A1E7A4F7556}") = "OneStreamAPITest.Tests", "OneStreamAPITest.Tests\OneStreamAPITest.Tests.csproj", "{093F5492-6394-400A-AB7D-50502994834C}"
EndProject
Global
	GlobalSection(SolutionConfigurationPlatforms) = preSolution
		Debug|Any CPU = Debug|Any CPU
		Release|Any CPU = Release|Any CPU
	EndGlobalSection
	GlobalSection(ProjectConfigurationPlatforms) = postSolution
		{780CCEA0-3801-4AD5-81B1-860B58F5358A}.Debug|Any CPU.ActiveCfg = Debug|Any CPU
		{780CCEA0-3801-4AD5-81B1-860B58F5358A}.Debug|Any CPU.Build.0 = Debug|Any CPU
		{780CCEA0-3801-4AD5-81B1-860B58F5358A}.Release|Any CPU.ActiveCfg = Release|Any CPU
		{780CCEA0-3801-4AD5-81B1-860B58F5358A}.Release|Any CPU.Build.0 = Release|Any CPU
		{AAD43802-7B10-4870-9833-C1D1AFDEF81C}.Debug|Any CPU.ActiveCfg = Debug|Any CPU
		{AAD43802-7B10-4870-9833-C1D1AFDEF81C}.Debug|Any CPU.Build.0 = Debug|Any CPU
		{AAD43802-7B10-4870-9833-C1D1AFDEF81C}.Release|Any CPU.ActiveCfg = Release|Any CPU
		{AAD43802-7B10-4870-9833-C1D1AFDEF81C}.Release|Any CPU.Build.0 = Release|Any CPU
		{093F5492-6394-400A-AB7D-50502994834C}.Debug|Any CPU.ActiveCfg = Debug|Any CPU
		{093F5492-6394-400A-AB7D-50502994834C}.Debug|Any CPU.Build.0 = Debug|Any CPU
		{093F5492-6394-400A-AB7D-50502994834C}.Release|Any CPU.ActiveCfg = Release|Any CPU
		{093F5492-6394-400A-AB7D-50502994834C}.Release|Any CPU.Build.0 = Release|Any CPU
	EndGlobalSection
	GlobalSection(SolutionProperties) = preSolution
		HideSolutionNode = FALSE
	EndGlobalSection
	GlobalSection(ExtensibilityGlobals) = postSolution
		SolutionGuid = {BFD607DC-C514-4D78-ADE7-84F3351EFFFD}
	EndGlobalSection
EndGlobal
